
Microsoft Visual Studio Solution File, Format Version 12.00
Project("{FAE04EC0-301F-11D3-BF4B-00C04F79EFBC}") = "CLCLTR", "CLCLTR\CLCLTR.csproj", "{B7755AB9-427C-44FC-8199-E6E6B2058239}"
EndProject
Project("{F2A71F9B-5D33-465A-A702-920D77279786}") = "Calculator_f", "Calculator_f\Calculator_f.fsproj", "{821A81DF-0711-4E25-B650-2F6F8F37D8C1}"
EndProject
Global
	GlobalSection(SolutionConfigurationPlatforms) = preSolution
		Debug|Any CPU = Debug|Any CPU
		Release|Any CPU = Release|Any CPU
	EndGlobalSection
	GlobalSection(ProjectConfigurationPlatforms) = postSolution
		{B7755AB9-427C-44FC-8199-E6E6B2058239}.Debug|Any CPU.ActiveCfg = Debug|Any CPU
		{B7755AB9-427C-44FC-8199-E6E6B2058239}.Debug|Any CPU.Build.0 = Debug|Any CPU
		{B7755AB9-427C-44FC-8199-E6E6B2058239}.Release|Any CPU.ActiveCfg = Release|Any CPU
		{B7755AB9-427C-44FC-8199-E6E6B2058239}.Release|Any CPU.Build.0 = Release|Any CPU
		{821A81DF-0711-4E25-B650-2F6F8F37D8C1}.Debug|Any CPU.ActiveCfg = Debug|Any CPU
		{821A81DF-0711-4E25-B650-2F6F8F37D8C1}.Debug|Any CPU.Build.0 = Debug|Any CPU
		{821A81DF-0711-4E25-B650-2F6F8F37D8C1}.Release|Any CPU.ActiveCfg = Release|Any CPU
		{821A81DF-0711-4E25-B650-2F6F8F37D8C1}.Release|Any CPU.Build.0 = Release|Any CPU
	EndGlobalSection
EndGlobal
